{
  "nodes": {
    "agent-sandbox": {
      "inputs": {
        "nixpkgs": [
          "nixpkgs"
        ]
      },
      "locked": {
        "lastModified": 1783979936,
        "narHash": "sha256-4REe4iLlQbOFJ2ur2m8bPFuI/Tk5p/cBy3UPM3TNupY=",
        "owner": "archie-judd",
        "repo": "agent-sandbox.nix",
        "rev": "bab6b8a24348f0ca2063a48fdc7a98a526a522a3",
        "type": "github"
      },
      "original": {
        "owner": "archie-judd",
        "repo": "agent-sandbox.nix",
        "type": "github"
      }
    },
    "ags": {
      "inputs": {
        "astal": "astal",
        "nixpkgs": [
          "nixpkgs"
        ]
      },
      "locked": {
        "lastModified": 1775689345,
        "narHash": "sha256-tM3s7CX+tgxlYW0Sk3nzVThg2MHn08foIuMxABupxIs=",
        "owner": "aylur",
        "repo": "ags",
        "rev": "bbee2f18939f1ec7ff720e717cf305e73635628f",
        "type": "github"
      },
      "original": {
        "owner": "aylur",
        "repo": "ags",
        "type": "github"
      }
    },
    "android-nixpkgs": {
      "inputs": {
        "devshell": "devshell",
        "flake-utils": [
          "flake-utils"
        ],
        "nixpkgs": [
          "nixpkgs"
        ]
      },
      "locked": {
        "lastModified": 1785358509,
        "narHash": "sha256-TsNUNXadkF9DCklaU3UGGDQu5Iv4Rv2A0rzOLfD//W4=",
        "owner": "tadfisher",
        "repo": "android-nixpkgs",
        "rev": "95566ace8a72cf5f367b620787d58b6ab6ccb385",
        "type": "github"
      },
      "original": {
        "owner": "tadfisher",
        "repo": "android-nixpkgs",
        "type": "github"
      }
    },
    "astal": {
      "inputs": {
        "nixpkgs": [
          "ags",
          "nixpkgs"
        ]
      },
      "locked": {
        "lastModified": 1773914523,
        "narHash": "sha256-GOL+bR30FPImAzy4NNsTMY1gpoINMsLTXR0WJBRSq30=",
        "owner": "aylur",
        "repo": "astal",
        "rev": "41b50290c6a1cdce7b482897c22fe49286912b9a",
        "type": "github"
      },
      "original": {
        "owner": "aylur",
        "repo": "astal",
        "type": "github"
      }
    },
    "astal_2": {
      "inputs": {
        "nixpkgs": [
          "nixpkgs"
        ]
      },
      "locked": {
        "lastModified": 1784907849,
        "narHash": "sha256-wtypRfcfVvofMON6xemTObJCpPWLRyBoqLrvzgnLYlI=",
        "owner": "aylur",
        "repo": "astal",
        "rev": "9dac92f20e6c89b9373bbb238c49b1cb115724db",
        "type": "github"
      },
      "original": {
        "owner": "aylur",
        "repo": "astal",
        "type": "github"
      }
    },
    "base16": {
      "inputs": {
        "fromYaml": "fromYaml"
      },
      "locked": {
        "lastModified": 1755819240,
        "narHash": "sha256-qcMhnL7aGAuFuutH4rq9fvAhCpJWVHLcHVZLtPctPlo=",
        "owner": "SenchoPens",
        "repo": "base16.nix",
        "rev": "75ed5e5e3fce37df22e49125181fa37899c3ccd6",
        "type": "github"
      },
      "original": {
        "owner": "SenchoPens",
        "repo": "base16.nix",
        "type": "github"
      }
    },
    "base16-fish": {
      "flake": false,
      "locked": {
        "lastModified": 1765809053,
        "narHash": "sha256-XCUQLoLfBJ8saWms2HCIj4NEN+xNsWBlU1NrEPcQG4s=",
        "owner": "tomyun",
        "repo": "base16-fish",
        "rev": "86cbea4dca62e08fb7fd83a70e96472f92574782",
        "type": "github"
      },
      "original": {
        "owner": "tomyun",
        "repo": "base16-fish",
        "rev": "86cbea4dca62e08fb7fd83a70e96472f92574782",
        "type": "github"
      }
    },
    "base16-helix": {
      "flake": false,
      "locked": {
        "lastModified": 1776754714,
        "narHash": "sha256-E3OAK27smtATTmX45uoTSRsVD+Y+ZiVVfgM/tjpbtYg=",
        "owner": "tinted-theming",
        "repo": "base16-helix",
        "rev": "4d508123037e7851ad36ebf7d9c48b0e9e1eb581",
        "type": "github"
      },
      "original": {
        "owner": "tinted-theming",
        "repo": "base16-helix",
        "type": "github"
      }
    },
    "base16-vim": {
      "flake": false,
      "locked": {
        "lastModified": 1732806396,
        "narHash": "sha256-e0bpPySdJf0F68Ndanwm+KWHgQiZ0s7liLhvJSWDNsA=",
        "owner": "tinted-theming",
        "repo": "base16-vim",
        "rev": "577fe8125d74ff456cf942c733a85d769afe58b7",
        "type": "github"
      },
      "original": {
        "owner": "tinted-theming",
        "repo": "base16-vim",
        "rev": "577fe8125d74ff456cf942c733a85d769afe58b7",
        "type": "github"
      }
    },
    "bun-scripts": {
      "inputs": {
        "bun2nix": [
          "bun2nix"
        ],
        "flake-utils": [
          "flake-utils"
        ],
        "nixpkgs": [
          "nixpkgs"
        ]
      },
      "locked": {
        "path": "./modules/scripts/bun",
        "type": "path"
      },
      "original": {
        "path": "./modules/scripts/bun",
        "type": "path"
      },
      "parent": []
    },
    "bun2nix": {
      "inputs": {
        "flake-parts": "flake-parts",
        "nixpkgs": [
          "nixpkgs"
        ],
        "systems": [
          "bun2nix-systems"
        ],
        "treefmt-nix": "treefmt-nix"
      },
      "locked": {
        "lastModified": 1784665499,
        "narHash": "sha256-9BMxlTxCCDAeoNLtb1a/st7udtTIJep+wpUzquA29VU=",
        "owner": "nix-community",
        "repo": "bun2nix",
        "rev": "0f2a1f0b6f42cebe3b149bf62d38754c5e0e9729",
        "type": "github"
      },
      "original": {
        "owner": "nix-community",
        "repo": "bun2nix",
        "type": "github"
      }
    },
    "bun2nix-systems": {
      "locked": {
        "path": "./bun2nix-systems",
        "type": "path"
      },
      "original": {
        "path": "./bun2nix-systems",
        "type": "path"
      },
      "parent": []
    },
    "copyparty": {
      "inputs": {
        "flake-utils": "flake-utils",
        "nixpkgs": "nixpkgs"
      },
      "locked": {
        "lastModified": 1785436771,
        "narHash": "sha256-MppnC7CwEcA6oFwHfpEythJq9Z6kzoccxJ12IUl98Dc=",
        "owner": "9001",
        "repo": "copyparty",
        "rev": "9f5f9d8884605aee3586d7bd9e48005d56c6afb6",
        "type": "github"
      },
      "original": {
        "owner": "9001",
        "repo": "copyparty",
        "type": "github"
      }
    },
    "devshell": {
      "inputs": {
        "nixpkgs": [
          "android-nixpkgs",
          "nixpkgs"
        ]
      },
      "locked": {
        "lastModified": 1768818222,
        "narHash": "sha256-460jc0+CZfyaO8+w8JNtlClB2n4ui1RbHfPTLkpwhU8=",
        "owner": "numtide",
        "repo": "devshell",
        "rev": "255a2b1725a20d060f566e4755dbf571bbbb5f76",
        "type": "github"
      },
      "original": {
        "owner": "numtide",
        "repo": "devshell",
        "type": "github"
      }
    },
    "firefox-gnome-theme": {
      "flake": false,
      "locked": {
        "lastModified": 1782007937,
        "narHash": "sha256-PbnJr+eB+9Czol3ReI83dUgEhcn0sDK6TSy6ODTQm88=",
        "owner": "rafaelmardojai",
        "repo": "firefox-gnome-theme",
        "rev": "981bd332015397fb1ca033fa982bd61635160c78",
        "type": "github"
      },
      "original": {
        "owner": "rafaelmardojai",
        "repo": "firefox-gnome-theme",
        "type": "github"
      }
    },
    "flake-parts": {
      "inputs": {
        "nixpkgs-lib": [
          "bun2nix",
          "nixpkgs"
        ]
      },
      "locked": {
        "lastModified": 1782949081,
        "narHash": "sha256-vp6Y/Grm98ESt6ceOkWiHWyZRDV3J1RID4w+6NWK9yA=",
        "owner": "hercules-ci",
        "repo": "flake-parts",
        "rev": "17c9d6cdfc60c64f4ee8d306f9bc0b4ccb51481e",
        "type": "github"
      },
      "original": {
        "owner": "hercules-ci",
        "repo": "flake-parts",
        "type": "github"
      }
    },
    "flake-parts_2": {
      "inputs": {
        "nixpkgs-lib": [
          "stylix",
          "nixpkgs"
        ]
      },
      "locked": {
        "lastModified": 1782949081,
        "narHash": "sha256-vp6Y/Grm98ESt6ceOkWiHWyZRDV3J1RID4w+6NWK9yA=",
        "owner": "hercules-ci",
        "repo": "flake-parts",
        "rev": "17c9d6cdfc60c64f4ee8d306f9bc0b4ccb51481e",
        "type": "github"
      },
      "original": {
        "owner": "hercules-ci",
        "repo": "flake-parts",
        "type": "github"
      }
    },
    "flake-utils": {
      "locked": {
        "lastModified": 1678901627,
        "narHash": "sha256-U02riOqrKKzwjsxc/400XnElV+UtPUQWpANPlyazjH0=",
        "owner": "numtide",
        "repo": "flake-utils",
        "rev": "93a2b84fc4b70d9e089d029deacc3583435c2ed6",
        "type": "github"
      },
      "original": {
        "owner": "numtide",
        "repo": "flake-utils",
        "type": "github"
      }
    },
    "flake-utils_2": {
      "inputs": {
        "systems": [
          "bun2nix-systems"
        ]
      },
      "locked": {
        "lastModified": 1731533236,
        "narHash": "sha256-l0KFg5HjrsfsO/JpG+r7fRrqm12kzFHyUHqHCVpMMbI=",
        "owner": "numtide",
        "repo": "flake-utils",
        "rev": "11707dc2f618dd54ca8739b309ec4fc024de578b",
        "type": "github"
      },
      "original": {
        "owner": "numtide",
        "repo": "flake-utils",
        "rev": "11707dc2f618dd54ca8739b309ec4fc024de578b",
        "type": "github"
      }
    },
    "fromYaml": {
      "flake": false,
      "locked": {
        "lastModified": 1731966426,
        "narHash": "sha256-lq95WydhbUTWig/JpqiB7oViTcHFP8Lv41IGtayokA8=",
        "owner": "SenchoPens",
        "repo": "fromYaml",
        "rev": "106af9e2f715e2d828df706c386a685698f3223b",
        "type": "github"
      },
      "original": {
        "owner": "SenchoPens",
        "repo": "fromYaml",
        "type": "github"
      }
    },
    "gnome-shell": {
      "flake": false,
      "locked": {
        "host": "gitlab.gnome.org",
        "lastModified": 1776175984,
        "narHash": "sha256-RJFlFW8GiMei6oqUGrMkGEvVqOH8U7Q8abc1yK4VKD8=",
        "owner": "GNOME",
        "repo": "gnome-shell",
        "rev": "e0fdc4c13250e9a9b8ea9594c83925274f4a5dca",
        "type": "gitlab"
      },
      "original": {
        "host": "gitlab.gnome.org",
        "owner": "GNOME",
        "ref": "50.1",
        "repo": "gnome-shell",
        "type": "gitlab"
      }
    },
    "guake": {
      "locked": {
        "lastModified": 1714750952,
        "narHash": "sha256-oOUdvPrO8CbupgDSaPou+Jv6GL+uQA2QlE33D7OLzkM=",
        "owner": "nixos",
        "repo": "nixpkgs",
        "rev": "5fd8536a9a5932d4ae8de52b7dc08d92041237fc",
        "type": "github"
      },
      "original": {
        "owner": "nixos",
        "repo": "nixpkgs",
        "rev": "5fd8536a9a5932d4ae8de52b7dc08d92041237fc",
        "type": "github"
      }
    },
    "gws": {
      "inputs": {
        "flake-utils": [
          "flake-utils"
        ],
        "nixpkgs": [
          "nixpkgs"
        ]
      },
      "locked": {
        "lastModified": 1774983075,
        "narHash": "sha256-YyNIHbyZrLlXYtWxZY8Um19MsnLharmS+nWGWO89fsA=",
        "owner": "googleworkspace",
        "repo": "cli",
        "rev": "a3768d0e82ad83cca2da97724e46bea4ff0e6dbd",
        "type": "github"
      },
      "original": {
        "owner": "googleworkspace",
        "repo": "cli",
        "type": "github"
      }
    },
    "home-manager": {
      "inputs": {
        "nixpkgs": [
          "nixpkgs"
        ]
      },
      "locked": {
        "lastModified": 1785306346,
        "narHash": "sha256-DScBkW0fOgpGPK2trNoX3ryLTlaC14+gglFo/BhGJ4g=",
        "owner": "nix-community",
        "repo": "home-manager",
        "rev": "e705714e918c3b11affcdd15db2cbe3a070420a0",
        "type": "github"
      },
      "original": {
        "owner": "nix-community",
        "repo": "home-manager",
        "type": "github"
      }
    },
    "hunk": {
      "inputs": {
        "bun2nix": [
          "bun2nix"
        ],
        "nixpkgs": [
          "nixpkgs"
        ],
        "systems": "systems"
      },
      "locked": {
        "lastModified": 1785432041,
        "narHash": "sha256-9uPjFglWZjfmDZZMiNPjzIblHxOgYeKhDyFjwP5flS0=",
        "owner": "modem-dev",
        "repo": "hunk",
        "rev": "8e1f5fd265da3d0b45978db67350436cfaa05c05",
        "type": "github"
      },
      "original": {
        "owner": "modem-dev",
        "repo": "hunk",
        "type": "github"
      }
    },
    "hyprland": {
      "locked": {
        "lastModified": 1771861243,
        "narHash": "sha256-mz05b1VyLWoTkNg8iJr3yXFJF7HDlwIUKI3ln39RacY=",
        "owner": "nixos",
        "repo": "nixpkgs",
        "rev": "80d901ec0377e19ac3f7bb8c035201e2e098cc97",
        "type": "github"
      },
      "original": {
        "owner": "nixos",
        "repo": "nixpkgs",
        "rev": "80d901ec0377e19ac3f7bb8c035201e2e098cc97",
        "type": "github"
      }
    },
    "import-tree": {
      "locked": {
        "lastModified": 1784254960,
        "narHash": "sha256-iI88R3wHz8wTKQb5orvpc51L/Xr64AJyxid/0MKa/b8=",
        "owner": "vic",
        "repo": "import-tree",
        "rev": "4ebb10ae17d5f1ad366e7aef5b92cb8eecf24f69",
        "type": "github"
      },
      "original": {
        "owner": "vic",
        "repo": "import-tree",
        "type": "github"
      }
    },
    "lazyvim": {
      "inputs": {
        "flake-utils": [
          "flake-utils"
        ],
        "nixpkgs": [
          "nixpkgs"
        ]
      },
      "locked": {
        "lastModified": 1781223826,
        "narHash": "sha256-ezB1SLk4wyBkJZC9NHKn21FsheyVdmFha+FO/6tflO4=",
        "owner": "pfassina",
        "repo": "lazyvim-nix",
        "rev": "d1f9bd2bfff35708dfaf75351bce06580a862f61",
        "type": "github"
      },
      "original": {
        "owner": "pfassina",
        "repo": "lazyvim-nix",
        "type": "github"
      }
    },
    "llama-cpp": {
      "locked": {
        "lastModified": 1771861243,
        "narHash": "sha256-mz05b1VyLWoTkNg8iJr3yXFJF7HDlwIUKI3ln39RacY=",
        "owner": "nixos",
        "repo": "nixpkgs",
        "rev": "80d901ec0377e19ac3f7bb8c035201e2e098cc97",
        "type": "github"
      },
      "original": {
        "owner": "nixos",
        "repo": "nixpkgs",
        "rev": "80d901ec0377e19ac3f7bb8c035201e2e098cc97",
        "type": "github"
      }
    },
    "nix-darwin": {
      "inputs": {
        "nixpkgs": [
          "nixpkgs"
        ]
      },
      "locked": {
        "lastModified": 1785389976,
        "narHash": "sha256-0tLW8Ff5yt8AH97jw4ZpFJ0OCJ122zIlgWGDmOfU/VU=",
        "owner": "nix-darwin",
        "repo": "nix-darwin",
        "rev": "15abb8c98f336cd8bd840d71059adebabe60bf04",
        "type": "github"
      },
      "original": {
        "owner": "nix-darwin",
        "ref": "master",
        "repo": "nix-darwin",
        "type": "github"
      }
    },
    "nix-index-database": {
      "inputs": {
        "nixpkgs": [
          "nixpkgs"
        ]
      },
      "locked": {
        "lastModified": 1785046085,
        "narHash": "sha256-UiK+mmZJuLWQVhJ5b2wDzogIYWAesyRm6LA3h3Ulh3Y=",
        "owner": "nix-community",
        "repo": "nix-index-database",
        "rev": "11665045df8b9938ef811a3bfdc65cffb02b4b70",
        "type": "github"
      },
      "original": {
        "owner": "nix-community",
        "repo": "nix-index-database",
        "type": "github"
      }
    },
    "nixpkgs": {
      "locked": {
        "lastModified": 1748162331,
        "narHash": "sha256-rqc2RKYTxP3tbjA+PB3VMRQNnjesrT0pEofXQTrMsS8=",
        "owner": "NixOS",
        "repo": "nixpkgs",
        "rev": "7c43f080a7f28b2774f3b3f43234ca11661bf334",
        "type": "github"
      },
      "original": {
        "id": "nixpkgs",
        "ref": "nixos-25.05",
        "type": "indirect"
      }
    },
    "nixpkgs_2": {
      "locked": {
        "lastModified": 1784497964,
        "narHash": "sha256-vlHUuqAcbcH2RKmHbPiuQzbv1pnzzavXnI62RD0bqCU=",
        "rev": "241313f4e8e508cb9b13278c2b0fa25b9ca27163",
        "revCount": 1037713,
        "type": "tarball",
        "url": "https://api.flakehub.com/f/pinned/DeterminateSystems/nixpkgs-weekly/0.1.1037713%2Brev-241313f4e8e508cb9b13278c2b0fa25b9ca27163/019fa760-2880-7491-9ad9-7ba4669f6a84/source.tar.gz"
      },
      "original": {
        "type": "tarball",
        "url": "https://flakehub.com/f/DeterminateSystems/nixpkgs-weekly/0.1"
      }
    },
    "nixpkgs_3": {
      "locked": {
        "lastModified": 1784796856,
        "narHash": "sha256-vwxWgF+Gj276WznzGb1LxGsK/39HaQwgQXiU3EkC844=",
        "rev": "e2587caef70cea85dd97d7daab492899902dbf5d",
        "type": "tarball",
        "url": "https://releases.nixos.org/nixos/unstable/nixos-26.11pre1040357.e2587caef70c/nixexprs.tar.xz"
      },
      "original": {
        "type": "tarball",
        "url": "https://channels.nixos.org/nixos-unstable/nixexprs.tar.xz"
      }
    },
    "nixpkgs_4": {
      "locked": {
        "lastModified": 1783224372,
        "narHash": "sha256-8i/87eeoqiGE4yOTjwSA3Eh/ziJRQEmd/unYU+K27sk=",
        "owner": "NixOS",
        "repo": "nixpkgs",
        "rev": "d407951447dcd00442e97087bf374aad70c04cea",
        "type": "github"
      },
      "original": {
        "owner": "NixOS",
        "ref": "nixos-unstable",
        "repo": "nixpkgs",
        "type": "github"
      }
    },
    "nixpkgs_5": {
      "locked": {
        "lastModified": 1780336545,
        "narHash": "sha256-vhVhuXzFrIOfcssC/9hDHx7MHzDKjF3keHuREOQqQiQ=",
        "owner": "NixOS",
        "repo": "nixpkgs",
        "rev": "4df1b885d76a54e1aa1a318f8d16fd6005b6401f",
        "type": "github"
      },
      "original": {
        "owner": "NixOS",
        "ref": "nixpkgs-unstable",
        "repo": "nixpkgs",
        "type": "github"
      }
    },
    "noctalia": {
      "inputs": {
        "nixpkgs": "nixpkgs_3"
      },
      "locked": {
        "lastModified": 1785434378,
        "narHash": "sha256-oItBcuhKoIp/em15m9kezcI2sJAPsIQBZ5R0WpmKjT4=",
        "owner": "noctalia-dev",
        "repo": "noctalia",
        "rev": "37a161437350a4cfcfedc0a3d46d6850d2731b53",
        "type": "github"
      },
      "original": {
        "owner": "noctalia-dev",
        "repo": "noctalia",
        "type": "github"
      }
    },
    "noctalia-greeter": {
      "inputs": {
        "nixpkgs": [
          "nixpkgs"
        ]
      },
      "locked": {
        "lastModified": 1785404119,
        "narHash": "sha256-3t/+o8Cbve8z43IekUNBj7Ecn/T+v7+p4Ivgs3IEQtk=",
        "owner": "noctalia-dev",
        "repo": "noctalia-greeter",
        "rev": "257ce92ab410a1a9347038e4286a3fc5989bec97",
        "type": "github"
      },
      "original": {
        "owner": "noctalia-dev",
        "repo": "noctalia-greeter",
        "type": "github"
      }
    },
    "nur": {
      "inputs": {
        "flake-parts": [
          "stylix",
          "flake-parts"
        ],
        "nixpkgs": [
          "stylix",
          "nixpkgs"
        ]
      },
      "locked": {
        "lastModified": 1783439237,
        "narHash": "sha256-WUr8JF2v3n4Y30E5dxv4sAgNJXpVDBoCQNoQ/V4+n4o=",
        "owner": "nix-community",
        "repo": "NUR",
        "rev": "b70bb66c7bcd162642f3a609bc16843c7059f503",
        "type": "github"
      },
      "original": {
        "owner": "nix-community",
        "repo": "NUR",
        "type": "github"
      }
    },
    "openvpn24": {
      "locked": {
        "lastModified": 1673947312,
        "narHash": "sha256-xx/2nRwRy3bXrtry6TtydKpJpqHahjuDB5sFkQ/XNDE=",
        "owner": "nixos",
        "repo": "nixpkgs",
        "rev": "2d38b664b4400335086a713a0036aafaa002c003",
        "type": "github"
      },
      "original": {
        "owner": "nixos",
        "repo": "nixpkgs",
        "rev": "2d38b664b4400335086a713a0036aafaa002c003",
        "type": "github"
      }
    },
    "pia": {
      "inputs": {
        "flake-utils": [
          "flake-utils"
        ],
        "nixpkgs": [
          "nixpkgs"
        ]
      },
      "locked": {
        "lastModified": 1739700451,
        "narHash": "sha256-UrUTLVTFmtLbu0/pnt3C7eS/QiMuLztAEnS2PO5ayjg=",
        "owner": "Fuwn",
        "repo": "pia.nix",
        "rev": "5185a76c3361c62acd703b289fc34df1295b61c3",
        "type": "github"
      },
      "original": {
        "owner": "Fuwn",
        "repo": "pia.nix",
        "type": "github"
      }
    },
    "root": {
      "inputs": {
        "agent-sandbox": "agent-sandbox",
        "ags": "ags",
        "android-nixpkgs": "android-nixpkgs",
        "astal": "astal_2",
        "bun-scripts": "bun-scripts",
        "bun2nix": "bun2nix",
        "bun2nix-systems": "bun2nix-systems",
        "copyparty": "copyparty",
        "flake-utils": "flake-utils_2",
        "guake": "guake",
        "gws": "gws",
        "home-manager": "home-manager",
        "hunk": "hunk",
        "hyprland": "hyprland",
        "import-tree": "import-tree",
        "lazyvim": "lazyvim",
        "llama-cpp": "llama-cpp",
        "nix-darwin": "nix-darwin",
        "nix-index-database": "nix-index-database",
        "nixpkgs": "nixpkgs_2",
        "noctalia": "noctalia",
        "noctalia-greeter": "noctalia-greeter",
        "openvpn24": "openvpn24",
        "pia": "pia",
        "sops-nix": "sops-nix",
        "stirling-pdf": "stirling-pdf",
        "stylix": "stylix",
        "wrapper-modules": "wrapper-modules"
      }
    },
    "sops-nix": {
      "inputs": {
        "nixpkgs": [
          "nixpkgs"
        ]
      },
      "locked": {
        "lastModified": 1783174389,
        "narHash": "sha256-aCWC8ngycU7OdJrU2+Je3qf+1a2ykuBvpPhZT/9tXMc=",
        "owner": "Mic92",
        "repo": "sops-nix",
        "rev": "f1406619a3884cd5c47992a70b8b35c9c0fcb4c9",
        "type": "github"
      },
      "original": {
        "owner": "Mic92",
        "repo": "sops-nix",
        "type": "github"
      }
    },
    "stirling-pdf": {
      "locked": {
        "lastModified": 1771861243,
        "narHash": "sha256-mz05b1VyLWoTkNg8iJr3yXFJF7HDlwIUKI3ln39RacY=",
        "owner": "nixos",
        "repo": "nixpkgs",
        "rev": "80d901ec0377e19ac3f7bb8c035201e2e098cc97",
        "type": "github"
      },
      "original": {
        "owner": "nixos",
        "repo": "nixpkgs",
        "rev": "80d901ec0377e19ac3f7bb8c035201e2e098cc97",
        "type": "github"
      }
    },
    "stylix": {
      "inputs": {
        "base16": "base16",
        "base16-fish": "base16-fish",
        "base16-helix": "base16-helix",
        "base16-vim": "base16-vim",
        "firefox-gnome-theme": "firefox-gnome-theme",
        "flake-parts": "flake-parts_2",
        "gnome-shell": "gnome-shell",
        "nixpkgs": "nixpkgs_4",
        "nur": "nur",
        "systems": [
          "bun2nix-systems"
        ],
        "tinted-kitty": "tinted-kitty",
        "tinted-schemes": "tinted-schemes",
        "tinted-tmux": "tinted-tmux",
        "tinted-zed": "tinted-zed"
      },
      "locked": {
        "lastModified": 1784676123,
        "narHash": "sha256-ndyanKzw90yX2nUVFmTuYqXidUNymtMfgmIHyNdhht0=",
        "owner": "danth",
        "repo": "stylix",
        "rev": "66714e5ce44269ecc58c20d9196da8dbe1b27a31",
        "type": "github"
      },
      "original": {
        "owner": "danth",
        "repo": "stylix",
        "type": "github"
      }
    },
    "systems": {
      "locked": {
        "lastModified": 1776166891,
        "narHash": "sha256-bI8yrEGjrohR5hkQox7UrxDH7XqrYMwI8SL/LrJ1+S8=",
        "owner": "nix-systems",
        "repo": "triplet",
        "rev": "6de7bc09397911ce03636afbcf6118745ab2cda0",
        "type": "github"
      },
      "original": {
        "owner": "nix-systems",
        "repo": "triplet",
        "type": "github"
      }
    },
    "tinted-kitty": {
      "flake": false,
      "locked": {
        "lastModified": 1735730497,
        "narHash": "sha256-4KtB+FiUzIeK/4aHCKce3V9HwRvYaxX+F1edUrfgzb8=",
        "owner": "tinted-theming",
        "repo": "tinted-kitty",
        "rev": "de6f888497f2c6b2279361bfc790f164bfd0f3fa",
        "type": "github"
      },
      "original": {
        "owner": "tinted-theming",
        "repo": "tinted-kitty",
        "type": "github"
      }
    },
    "tinted-schemes": {
      "flake": false,
      "locked": {
        "lastModified": 1781968807,
        "narHash": "sha256-yYO3Vw2M0y3TAUqt+9+Mj0zwP3XDTF5/PXcPhhFQ1ZM=",
        "owner": "tinted-theming",
        "repo": "schemes",
        "rev": "2ccef2f4b22e3cab5a9292811f7133a07eeba4a7",
        "type": "github"
      },
      "original": {
        "owner": "tinted-theming",
        "repo": "schemes",
        "type": "github"
      }
    },
    "tinted-tmux": {
      "flake": false,
      "locked": {
        "lastModified": 1782012462,
        "narHash": "sha256-2iDiD8DQLwS1lGuD9TS8WlvNyDoTs6krWntJbtB2zGo=",
        "owner": "tinted-theming",
        "repo": "tinted-tmux",
        "rev": "8c4e750f738a742bd73377ee41d3dadedebedef4",
        "type": "github"
      },
      "original": {
        "owner": "tinted-theming",
        "repo": "tinted-tmux",
        "type": "github"
      }
    },
    "tinted-zed": {
      "flake": false,
      "locked": {
        "lastModified": 1782009766,
        "narHash": "sha256-VUhBjpGvWqHI7rWeyMYb/u87YJSXHKfVV6S+IelWeO8=",
        "owner": "tinted-theming",
        "repo": "base16-zed",
        "rev": "5e8350bcd354e3241ab681a265fa6ef060c40be1",
        "type": "github"
      },
      "original": {
        "owner": "tinted-theming",
        "repo": "base16-zed",
        "type": "github"
      }
    },
    "treefmt-nix": {
      "inputs": {
        "nixpkgs": [
          "bun2nix",
          "nixpkgs"
        ]
      },
      "locked": {
        "lastModified": 1784369104,
        "narHash": "sha256-47cxbcZODibHv3rELFQ9vZly0vUNkND/atn/U7HLeb0=",
        "owner": "numtide",
        "repo": "treefmt-nix",
        "rev": "df3c0640565d04a0261253cdd89fce78ec50168a",
        "type": "github"
      },
      "original": {
        "owner": "numtide",
        "repo": "treefmt-nix",
        "type": "github"
      }
    },
    "wrapper-modules": {
      "inputs": {
        "nixpkgs": "nixpkgs_5"
      },
      "locked": {
        "lastModified": 1782135443,
        "narHash": "sha256-vAmbArdCyjqpVW+37aCy/PMBOLIqukUXLQuEKLwUhA4=",
        "owner": "BirdeeHub",
        "repo": "nix-wrapper-modules",
        "rev": "6e7f66fa2cdf4d63162580b438f7fcf87c28a46f",
        "type": "github"
      },
      "original": {
        "owner": "BirdeeHub",
        "repo": "nix-wrapper-modules",
        "type": "github"
      }
    }
  },
  "root": "root",
  "version": 7
}
